{
  "name": "estatico",
  "version": "3.0.1",
  "dependencies": {
    "bows": {
      "version": "1.4.8",
      "from": "bows@*",
      "resolved": "https://registry.npmjs.org/bows/-/bows-1.4.8.tgz",
      "dependencies": {
        "andlog": {
          "version": "1.0.0",
          "from": "andlog@>=1.0.0 <2.0.0",
          "resolved": "https://registry.npmjs.org/andlog/-/andlog-1.0.0.tgz"
        }
      }
    },
    "jquery": {
      "version": "2.1.3",
      "from": "https://registry.npmjs.org/jquery/-/jquery-2.1.3.tgz",
      "resolved": "https://registry.npmjs.org/jquery/-/jquery-2.1.3.tgz"
    },
    "normalize.css": {
      "version": "3.0.3",
      "from": "https://registry.npmjs.org/normalize.css/-/normalize.css-3.0.3.tgz",
      "resolved": "https://registry.npmjs.org/normalize.css/-/normalize.css-3.0.3.tgz"
    },
    "skip-link-focus": {
      "version": "0.1.0",
      "from": "https://registry.npmjs.org/skip-link-focus/-/skip-link-focus-0.1.0.tgz",
      "resolved": "https://registry.npmjs.org/skip-link-focus/-/skip-link-focus-0.1.0.tgz"
    }
  }
}
