{
  "name": "estatico",
  "version": "4.0.0",
  "dependencies": {
    "bows": {
      "version": "1.4.8",
      "from": "https://registry.npmjs.org/bows/-/bows-1.4.8.tgz",
      "resolved": "https://registry.npmjs.org/bows/-/bows-1.4.8.tgz",
      "dependencies": {
        "andlog": {
          "version": "1.0.0",
          "from": "https://registry.npmjs.org/andlog/-/andlog-1.0.0.tgz",
          "resolved": "https://registry.npmjs.org/andlog/-/andlog-1.0.0.tgz"
        }
      }
    },
    "jquery": {
      "version": "2.1.3",
      "from": "https://registry.npmjs.org/jquery/-/jquery-2.1.3.tgz",
      "resolved": "https://registry.npmjs.org/jquery/-/jquery-2.1.3.tgz"
    },
    "lodash.debounce": {
      "version": "3.1.1",
      "from": "https://registry.npmjs.org/lodash.debounce/-/lodash.debounce-3.1.1.tgz",
      "resolved": "https://registry.npmjs.org/lodash.debounce/-/lodash.debounce-3.1.1.tgz",
      "dependencies": {
        "lodash._getnative": {
          "version": "3.9.1",
          "from": "https://registry.npmjs.org/lodash._getnative/-/lodash._getnative-3.9.1.tgz",
          "resolved": "https://registry.npmjs.org/lodash._getnative/-/lodash._getnative-3.9.1.tgz"
        }
      }
    },
    "lodash.uniqueid": {
      "version": "3.0.0",
      "from": "https://registry.npmjs.org/lodash.uniqueid/-/lodash.uniqueid-3.0.0.tgz",
      "resolved": "https://registry.npmjs.org/lodash.uniqueid/-/lodash.uniqueid-3.0.0.tgz",
      "dependencies": {
        "lodash._basetostring": {
          "version": "3.0.1",
          "from": "https://registry.npmjs.org/lodash._basetostring/-/lodash._basetostring-3.0.1.tgz",
          "resolved": "https://registry.npmjs.org/lodash._basetostring/-/lodash._basetostring-3.0.1.tgz"
        }
      }
    },
    "normalize.css": {
      "version": "3.0.3",
      "from": "https://registry.npmjs.org/normalize.css/-/normalize.css-3.0.3.tgz",
      "resolved": "https://registry.npmjs.org/normalize.css/-/normalize.css-3.0.3.tgz"
    },
    "react": {
      "version": "0.14.7",
      "from": "https://registry.npmjs.org/react/-/react-0.14.7.tgz",
      "resolved": "https://registry.npmjs.org/react/-/react-0.14.7.tgz",
      "dependencies": {
        "envify": {
          "version": "3.4.0",
          "from": "https://registry.npmjs.org/envify/-/envify-3.4.0.tgz",
          "resolved": "https://registry.npmjs.org/envify/-/envify-3.4.0.tgz",
          "dependencies": {
            "through": {
              "version": "2.3.8",
              "from": "https://registry.npmjs.org/through/-/through-2.3.8.tgz",
              "resolved": "https://registry.npmjs.org/through/-/through-2.3.8.tgz"
            },
            "jstransform": {
              "version": "10.1.0",
              "from": "https://registry.npmjs.org/jstransform/-/jstransform-10.1.0.tgz",
              "resolved": "https://registry.npmjs.org/jstransform/-/jstransform-10.1.0.tgz",
              "dependencies": {
                "base62": {
                  "version": "0.1.1",
                  "from": "https://registry.npmjs.org/base62/-/base62-0.1.1.tgz",
                  "resolved": "https://registry.npmjs.org/base62/-/base62-0.1.1.tgz"
                },
                "esprima-fb": {
                  "version": "13001.1001.0-dev-harmony-fb",
                  "from": "https://registry.npmjs.org/esprima-fb/-/esprima-fb-13001.1001.0-dev-harmony-fb.tgz",
                  "resolved": "https://registry.npmjs.org/esprima-fb/-/esprima-fb-13001.1001.0-dev-harmony-fb.tgz"
                },
                "source-map": {
                  "version": "0.1.31",
                  "from": "https://registry.npmjs.org/source-map/-/source-map-0.1.31.tgz",
                  "resolved": "https://registry.npmjs.org/source-map/-/source-map-0.1.31.tgz",
                  "dependencies": {
                    "amdefine": {
                      "version": "1.0.0",
                      "from": "https://registry.npmjs.org/amdefine/-/amdefine-1.0.0.tgz",
                      "resolved": "https://registry.npmjs.org/amdefine/-/amdefine-1.0.0.tgz"
                    }
                  }
                }
              }
            }
          }
        },
        "fbjs": {
          "version": "0.6.1",
          "from": "https://registry.npmjs.org/fbjs/-/fbjs-0.6.1.tgz",
          "resolved": "https://registry.npmjs.org/fbjs/-/fbjs-0.6.1.tgz",
          "dependencies": {
            "core-js": {
              "version": "1.2.6",
              "from": "https://registry.npmjs.org/core-js/-/core-js-1.2.6.tgz",
              "resolved": "https://registry.npmjs.org/core-js/-/core-js-1.2.6.tgz"
            },
            "loose-envify": {
              "version": "1.1.0",
              "from": "https://registry.npmjs.org/loose-envify/-/loose-envify-1.1.0.tgz",
              "resolved": "https://registry.npmjs.org/loose-envify/-/loose-envify-1.1.0.tgz",
              "dependencies": {
                "js-tokens": {
                  "version": "1.0.2",
                  "from": "https://registry.npmjs.org/js-tokens/-/js-tokens-1.0.2.tgz",
                  "resolved": "https://registry.npmjs.org/js-tokens/-/js-tokens-1.0.2.tgz"
                }
              }
            },
            "ua-parser-js": {
              "version": "0.7.10",
              "from": "https://registry.npmjs.org/ua-parser-js/-/ua-parser-js-0.7.10.tgz",
              "resolved": "https://registry.npmjs.org/ua-parser-js/-/ua-parser-js-0.7.10.tgz"
            },
            "whatwg-fetch": {
              "version": "0.9.0",
              "from": "https://registry.npmjs.org/whatwg-fetch/-/whatwg-fetch-0.9.0.tgz",
              "resolved": "https://registry.npmjs.org/whatwg-fetch/-/whatwg-fetch-0.9.0.tgz"
            }
          }
        }
      }
    },
    "react-dom": {
      "version": "0.14.7",
      "from": "https://registry.npmjs.org/react-dom/-/react-dom-0.14.7.tgz",
      "resolved": "https://registry.npmjs.org/react-dom/-/react-dom-0.14.7.tgz"
    },
    "skip-link-focus": {
      "version": "0.1.0",
      "from": "https://registry.npmjs.org/skip-link-focus/-/skip-link-focus-0.1.0.tgz",
      "resolved": "https://registry.npmjs.org/skip-link-focus/-/skip-link-focus-0.1.0.tgz"
    }
  }
}
